
Microsoft Visual Studio Solution File, Format Version 12.00
# Visual Studio Version 16
VisualStudioVersion = 16.0.810.16
MinimumVisualStudioVersion = 10.0.40219.1
Project("{FAE04EC0-301F-11D3-BF4B-00C04F79EFBC}") = "Movies_List", "Movies_List\Movies_List.csproj", "{A2CD5341-4011-4B09-97E4-D222CA0AE815}"
EndProject
Global
	GlobalSection(SolutionConfigurationPlatforms) = preSolution
		Debug|Any CPU = Debug|Any CPU
		Release|Any CPU = Release|Any CPU
	EndGlobalSection
	GlobalSection(ProjectConfigurationPlatforms) = postSolution
		{A2CD5341-4011-4B09-97E4-D222CA0AE815}.Debug|Any CPU.ActiveCfg = Debug|Any CPU
		{A2CD5341-4011-4B09-97E4-D222CA0AE815}.Debug|Any CPU.Build.0 = Debug|Any CPU
		{A2CD5341-4011-4B09-97E4-D222CA0AE815}.Release|Any CPU.ActiveCfg = Release|Any CPU
		{A2CD5341-4011-4B09-97E4-D222CA0AE815}.Release|Any CPU.Build.0 = Release|Any CPU
	EndGlobalSection
	GlobalSection(SolutionProperties) = preSolution
		HideSolutionNode = FALSE
	EndGlobalSection
	GlobalSection(ExtensibilityGlobals) = postSolution
		SolutionGuid = {C1127D0B-6445-42B3-B8DD-0F1CE1326E52}
	EndGlobalSection
EndGlobal
